
Microsoft Visual Studio Solution File, Format Version 12.00
# Visual Studio 2013
VisualStudioVersion = 12.0.21005.1
MinimumVisualStudioVersion = 10.0.40219.1
Project("{FAE04EC0-301F-11D3-BF4B-00C04F79EFBC}") = "CodeMetricsCalculator", "CodeMetricsCalculator\CodeMetricsCalculator.csproj", "{C46F48DE-5004-44E1-ACAE-92AEC4DEF565}"
EndProject
Project("{FAE04EC0-301F-11D3-BF4B-00C04F79EFBC}") = "CodeMetricsCalculator.Parsers", "CodeMetricsCalculator.Parsers\CodeMetricsCalculator.Parsers.csproj", "{43EB3CC2-4A53-4D45-8BD0-59C88E64458D}"
EndProject
Project("{FAE04EC0-301F-11D3-BF4B-00C04F79EFBC}") = "CodeMetricsCalculator.Parsers.Java", "CodeMetricsCalculator.Parsers.Java\CodeMetricsCalculator.Parsers.Java.csproj", "{B8E996A4-D603-4E25-B958-B72A4DD0A4AF}"
EndProject
Project("{FAE04EC0-301F-11D3-BF4B-00C04F79EFBC}") = "CodeMetricsCalculator.Common", "CodeMetricsCalculator.Common\CodeMetricsCalculator.Common.csproj", "{28FE0829-FD72-4B65-81B4-B4020556121C}"
EndProject
Project("{FAE04EC0-301F-11D3-BF4B-00C04F79EFBC}") = "CodeMetricsCalculator.WpfApplication", "CodeMetricsCalculator.WpfApplication\CodeMetricsCalculator.WpfApplication.csproj", "{19FDD3E9-A6CF-4531-B532-F7C8FA88B22C}"
EndProject
Project("{FAE04EC0-301F-11D3-BF4B-00C04F79EFBC}") = "CodeMetricsCalculator.Common.UI", "CodeMetricsCalculator.Common.UI\CodeMetricsCalculator.Common.UI.csproj", "{FB149EB2-5355-490A-9994-0CD088778E76}"
EndProject
Project("{FAE04EC0-301F-11D3-BF4B-00C04F79EFBC}") = "CodeMetricsCalculator.Metrics", "CodeMetricsCalculator.Metrics\CodeMetricsCalculator.Metrics.csproj", "{09CD35C8-080A-4B7E-9F84-602EB5A33FAA}"
EndProject
Global
	GlobalSection(SolutionConfigurationPlatforms) = preSolution
		Debug|Any CPU = Debug|Any CPU
		Release|Any CPU = Release|Any CPU
	EndGlobalSection
	GlobalSection(ProjectConfigurationPlatforms) = postSolution
		{C46F48DE-5004-44E1-ACAE-92AEC4DEF565}.Debug|Any CPU.ActiveCfg = Debug|Any CPU
		{C46F48DE-5004-44E1-ACAE-92AEC4DEF565}.Debug|Any CPU.Build.0 = Debug|Any CPU
		{C46F48DE-5004-44E1-ACAE-92AEC4DEF565}.Release|Any CPU.ActiveCfg = Release|Any CPU
		{C46F48DE-5004-44E1-ACAE-92AEC4DEF565}.Release|Any CPU.Build.0 = Release|Any CPU
		{43EB3CC2-4A53-4D45-8BD0-59C88E64458D}.Debug|Any CPU.ActiveCfg = Debug|Any CPU
		{43EB3CC2-4A53-4D45-8BD0-59C88E64458D}.Debug|Any CPU.Build.0 = Debug|Any CPU
		{43EB3CC2-4A53-4D45-8BD0-59C88E64458D}.Release|Any CPU.ActiveCfg = Release|Any CPU
		{43EB3CC2-4A53-4D45-8BD0-59C88E64458D}.Release|Any CPU.Build.0 = Release|Any CPU
		{B8E996A4-D603-4E25-B958-B72A4DD0A4AF}.Debug|Any CPU.ActiveCfg = Debug|Any CPU
		{B8E996A4-D603-4E25-B958-B72A4DD0A4AF}.Debug|Any CPU.Build.0 = Debug|Any CPU
		{B8E996A4-D603-4E25-B958-B72A4DD0A4AF}.Release|Any CPU.ActiveCfg = Release|Any CPU
		{B8E996A4-D603-4E25-B958-B72A4DD0A4AF}.Release|Any CPU.Build.0 = Release|Any CPU
		{28FE0829-FD72-4B65-81B4-B4020556121C}.Debug|Any CPU.ActiveCfg = Debug|Any CPU
		{28FE0829-FD72-4B65-81B4-B4020556121C}.Debug|Any CPU.Build.0 = Debug|Any CPU
		{28FE0829-FD72-4B65-81B4-B4020556121C}.Release|Any CPU.ActiveCfg = Release|Any CPU
		{28FE0829-FD72-4B65-81B4-B4020556121C}.Release|Any CPU.Build.0 = Release|Any CPU
		{19FDD3E9-A6CF-4531-B532-F7C8FA88B22C}.Debug|Any CPU.ActiveCfg = Debug|Any CPU
		{19FDD3E9-A6CF-4531-B532-F7C8FA88B22C}.Debug|Any CPU.Build.0 = Debug|Any CPU
		{19FDD3E9-A6CF-4531-B532-F7C8FA88B22C}.Release|Any CPU.ActiveCfg = Release|Any CPU
		{19FDD3E9-A6CF-4531-B532-F7C8FA88B22C}.Release|Any CPU.Build.0 = Release|Any CPU
		{FB149EB2-5355-490A-9994-0CD088778E76}.Debug|Any CPU.ActiveCfg = Debug|Any CPU
		{FB149EB2-5355-490A-9994-0CD088778E76}.Debug|Any CPU.Build.0 = Debug|Any CPU
		{FB149EB2-5355-490A-9994-0CD088778E76}.Release|Any CPU.ActiveCfg = Release|Any CPU
		{FB149EB2-5355-490A-9994-0CD088778E76}.Release|Any CPU.Build.0 = Release|Any CPU
		{09CD35C8-080A-4B7E-9F84-602EB5A33FAA}.Debug|Any CPU.ActiveCfg = Debug|Any CPU
		{09CD35C8-080A-4B7E-9F84-602EB5A33FAA}.Debug|Any CPU.Build.0 = Debug|Any CPU
		{09CD35C8-080A-4B7E-9F84-602EB5A33FAA}.Release|Any CPU.ActiveCfg = Release|Any CPU
		{09CD35C8-080A-4B7E-9F84-602EB5A33FAA}.Release|Any CPU.Build.0 = Release|Any CPU
	EndGlobalSection
	GlobalSection(SolutionProperties) = preSolution
		HideSolutionNode = FALSE
	EndGlobalSection
EndGlobal
